
Microsoft Visual Studio Solution File, Format Version 12.00
# Visual Studio 15
VisualStudioVersion = 15.0.27428.2037
MinimumVisualStudioVersion = 10.0.40219.1
Project("{FAE04EC0-301F-11D3-BF4B-00C04F79EFBC}") = "Debloat files", "Debloat files\Debloat files.csproj", "{4AD400D0-4134-4994-A444-E6604A00244C}"
EndProject
Global
	GlobalSection(SolutionConfigurationPlatforms) = preSolution
		Debug|Any CPU = Debug|Any CPU
		Release|Any CPU = Release|Any CPU
	EndGlobalSection
	GlobalSection(ProjectConfigurationPlatforms) = postSolution
		{4AD400D0-4134-4994-A444-E6604A00244C}.Debug|Any CPU.ActiveCfg = Debug|Any CPU
		{4AD400D0-4134-4994-A444-E6604A00244C}.Debug|Any CPU.Build.0 = Debug|Any CPU
		{4AD400D0-4134-4994-A444-E6604A00244C}.Release|Any CPU.ActiveCfg = Release|Any CPU
		{4AD400D0-4134-4994-A444-E6604A00244C}.Release|Any CPU.Build.0 = Release|Any CPU
	EndGlobalSection
	GlobalSection(SolutionProperties) = preSolution
		HideSolutionNode = FALSE
	EndGlobalSection
	GlobalSection(ExtensibilityGlobals) = postSolution
		SolutionGuid = {D4F6BFD7-62A1-44D7-9B40-C590DC74FDC1}
	EndGlobalSection
EndGlobal
